// !$*UTF8*$!
{
	archiveVersion = 1;
	classes = {
	};
	objectVersion = 56;
	objects = {

/* Begin PBXBuildFile section */
		2C89A3869C895B7D2915C884 /* Pods_SternXTaskTests.framework in Frameworks */ = {isa = PBXBuildFile; fileRef = 4B1B887336C2A758001821F5 /* Pods_SternXTaskTests.framework */; };
		CBFEEA3E66041865F91C6AB8 /* Pods_SternXTask.framework in Frameworks */ = {isa = PBXBuildFile; fileRef = 33FF7EEC0231BB09992C8A30 /* Pods_SternXTask.framework */; };
		F8232CDB2B658F15006E9B54 /* APIClient.swift in Sources */ = {isa = PBXBuildFile; fileRef = F8232CDA2B658F15006E9B54 /* APIClient.swift */; };
		F8232CDD2B659249006E9B54 /* APIRequest.swift in Sources */ = {isa = PBXBuildFile; fileRef = F8232CDC2B659249006E9B54 /* APIRequest.swift */; };
		F8232CDF2B65965A006E9B54 /* DefaultAPIClient.swift in Sources */ = {isa = PBXBuildFile; fileRef = F8232CDE2B65965A006E9B54 /* DefaultAPIClient.swift */; };
		F8232CE22B6598B8006E9B54 /* Logger.swift in Sources */ = {isa = PBXBuildFile; fileRef = F8232CE12B6598B8006E9B54 /* Logger.swift */; };
		F8232CE42B659F8D006E9B54 /* APIRequestTask.swift in Sources */ = {isa = PBXBuildFile; fileRef = F8232CE32B659F8D006E9B54 /* APIRequestTask.swift */; };
		F8232CE62B65A28C006E9B54 /* APIParametersRequest.swift in Sources */ = {isa = PBXBuildFile; fileRef = F8232CE52B65A28C006E9B54 /* APIParametersRequest.swift */; };
		F84C83FB2B658784003FE569 /* Main.storyboard in Resources */ = {isa = PBXBuildFile; fileRef = F84C83F92B658784003FE569 /* Main.storyboard */; };
		F8DE62512B66F41100FF780D /* PostDto.swift in Sources */ = {isa = PBXBuildFile; fileRef = F8DE62502B66F41100FF780D /* PostDto.swift */; };
		F8DE62562B66F4F700FF780D /* PostsRemoteRepository.swift in Sources */ = {isa = PBXBuildFile; fileRef = F8DE62552B66F4F700FF780D /* PostsRemoteRepository.swift */; };
		F8DE62592B66F51F00FF780D /* PostRepository.swift in Sources */ = {isa = PBXBuildFile; fileRef = F8DE62582B66F51F00FF780D /* PostRepository.swift */; };
		F8DE625B2B66FA2A00FF780D /* User.swift in Sources */ = {isa = PBXBuildFile; fileRef = F8DE625A2B66FA2A00FF780D /* User.swift */; };
		F8DE625D2B66FA4100FF780D /* Post.swift in Sources */ = {isa = PBXBuildFile; fileRef = F8DE625C2B66FA4100FF780D /* Post.swift */; };
		F8DE625F2B66FC5E00FF780D /* ReportUsecase.swift in Sources */ = {isa = PBXBuildFile; fileRef = F8DE625E2B66FC5E00FF780D /* ReportUsecase.swift */; };
		F8DE62612B66FFEA00FF780D /* UserPostReport.swift in Sources */ = {isa = PBXBuildFile; fileRef = F8DE62602B66FFEA00FF780D /* UserPostReport.swift */; };
		F8DE62632B67017600FF780D /* DefaultReportUsecase.swift in Sources */ = {isa = PBXBuildFile; fileRef = F8DE62622B67017600FF780D /* DefaultReportUsecase.swift */; };
		F8DE62652B67056700FF780D /* DataProcessingStrategy.swift in Sources */ = {isa = PBXBuildFile; fileRef = F8DE62642B67056700FF780D /* DataProcessingStrategy.swift */; };
		F8DE62672B67063E00FF780D /* ReportDataProcessingStrategy.swift in Sources */ = {isa = PBXBuildFile; fileRef = F8DE62662B67063E00FF780D /* ReportDataProcessingStrategy.swift */; };
		F8E02B242B67426A00DCDCA9 /* MockTestCases.swift in Sources */ = {isa = PBXBuildFile; fileRef = F8E02B232B67426A00DCDCA9 /* MockTestCases.swift */; };
		F8E02B262B67431500DCDCA9 /* MockTestsHelpers.swift in Sources */ = {isa = PBXBuildFile; fileRef = F8E02B252B67431500DCDCA9 /* MockTestsHelpers.swift */; };
		F8FD32512B656A7F002FC296 /* AppDelegate.swift in Sources */ = {isa = PBXBuildFile; fileRef = F8FD32502B656A7F002FC296 /* AppDelegate.swift */; };
		F8FD32532B656A81002FC296 /* Assets.xcassets in Resources */ = {isa = PBXBuildFile; fileRef = F8FD32522B656A81002FC296 /* Assets.xcassets */; };
		F8FD32562B656A81002FC296 /* LaunchScreen.storyboard in Resources */ = {isa = PBXBuildFile; fileRef = F8FD32542B656A81002FC296 /* LaunchScreen.storyboard */; };
		F8FD32642B656AB3002FC296 /* SternXTaskTests.swift in Sources */ = {isa = PBXBuildFile; fileRef = F8FD32632B656AB3002FC296 /* SternXTaskTests.swift */; };
/* End PBXBuildFile section */

/* Begin PBXContainerItemProxy section */
		F8FD32652B656AB3002FC296 /* PBXContainerItemProxy */ = {
			isa = PBXContainerItemProxy;
			containerPortal = F8FD32452B656A7F002FC296 /* Project object */;
			proxyType = 1;
			remoteGlobalIDString = F8FD324C2B656A7F002FC296;
			remoteInfo = SternXTask;
		};
/* End PBXContainerItemProxy section */

/* Begin PBXFileReference section */
		33FF7EEC0231BB09992C8A30 /* Pods_SternXTask.framework */ = {isa = PBXFileReference; explicitFileType = wrapper.framework; includeInIndex = 0; path = Pods_SternXTask.framework; sourceTree = BUILT_PRODUCTS_DIR; };
		469C453AA0ED8EFF4DA4144D /* Pods-SternXTask.debug.xcconfig */ = {isa = PBXFileReference; includeInIndex = 1; lastKnownFileType = text.xcconfig; name = "Pods-SternXTask.debug.xcconfig"; path = "Target Support Files/Pods-SternXTask/Pods-SternXTask.debug.xcconfig"; sourceTree = "<group>"; };
		4B1B887336C2A758001821F5 /* Pods_SternXTaskTests.framework */ = {isa = PBXFileReference; explicitFileType = wrapper.framework; includeInIndex = 0; path = Pods_SternXTaskTests.framework; sourceTree = BUILT_PRODUCTS_DIR; };
		A7455843E009D598308136B0 /* Pods-SternXTaskTests.release.xcconfig */ = {isa = PBXFileReference; includeInIndex = 1; lastKnownFileType = text.xcconfig; name = "Pods-SternXTaskTests.release.xcconfig"; path = "Target Support Files/Pods-SternXTaskTests/Pods-SternXTaskTests.release.xcconfig"; sourceTree = "<group>"; };
		D439AB13D2E527B837492035 /* Pods-SternXTask.release.xcconfig */ = {isa = PBXFileReference; includeInIndex = 1; lastKnownFileType = text.xcconfig; name = "Pods-SternXTask.release.xcconfig"; path = "Target Support Files/Pods-SternXTask/Pods-SternXTask.release.xcconfig"; sourceTree = "<group>"; };
		EF84197718CC12506DDA1A34 /* Pods-SternXTaskTests.debug.xcconfig */ = {isa = PBXFileReference; includeInIndex = 1; lastKnownFileType = text.xcconfig; name = "Pods-SternXTaskTests.debug.xcconfig"; path = "Target Support Files/Pods-SternXTaskTests/Pods-SternXTaskTests.debug.xcconfig"; sourceTree = "<group>"; };
		F8232CDA2B658F15006E9B54 /* APIClient.swift */ = {isa = PBXFileReference; lastKnownFileType = sourcecode.swift; path = APIClient.swift; sourceTree = "<group>"; };
		F8232CDC2B659249006E9B54 /* APIRequest.swift */ = {isa = PBXFileReference; lastKnownFileType = sourcecode.swift; path = APIRequest.swift; sourceTree = "<group>"; };
		F8232CDE2B65965A006E9B54 /* DefaultAPIClient.swift */ = {isa = PBXFileReference; lastKnownFileType = sourcecode.swift; path = DefaultAPIClient.swift; sourceTree = "<group>"; };
		F8232CE12B6598B8006E9B54 /* Logger.swift */ = {isa = PBXFileReference; lastKnownFileType = sourcecode.swift; path = Logger.swift; sourceTree = "<group>"; };
		F8232CE32B659F8D006E9B54 /* APIRequestTask.swift */ = {isa = PBXFileReference; lastKnownFileType = sourcecode.swift; path = APIRequestTask.swift; sourceTree = "<group>"; };
		F8232CE52B65A28C006E9B54 /* APIParametersRequest.swift */ = {isa = PBXFileReference; lastKnownFileType = sourcecode.swift; path = APIParametersRequest.swift; sourceTree = "<group>"; };
		F84C83FA2B658784003FE569 /* Base */ = {isa = PBXFileReference; lastKnownFileType = file.storyboard; name = Base; path = Base.lproj/Main.storyboard; sourceTree = "<group>"; };
		F8DE62502B66F41100FF780D /* PostDto.swift */ = {isa = PBXFileReference; lastKnownFileType = sourcecode.swift; path = PostDto.swift; sourceTree = "<group>"; };
		F8DE62552B66F4F700FF780D /* PostsRemoteRepository.swift */ = {isa = PBXFileReference; lastKnownFileType = sourcecode.swift; path = PostsRemoteRepository.swift; sourceTree = "<group>"; };
		F8DE62582B66F51F00FF780D /* PostRepository.swift */ = {isa = PBXFileReference; lastKnownFileType = sourcecode.swift; path = PostRepository.swift; sourceTree = "<group>"; };
		F8DE625A2B66FA2A00FF780D /* User.swift */ = {isa = PBXFileReference; lastKnownFileType = sourcecode.swift; path = User.swift; sourceTree = "<group>"; };
		F8DE625C2B66FA4100FF780D /* Post.swift */ = {isa = PBXFileReference; lastKnownFileType = sourcecode.swift; path = Post.swift; sourceTree = "<group>"; };
		F8DE625E2B66FC5E00FF780D /* ReportUsecase.swift */ = {isa = PBXFileReference; lastKnownFileType = sourcecode.swift; path = ReportUsecase.swift; sourceTree = "<group>"; };
		F8DE62602B66FFEA00FF780D /* UserPostReport.swift */ = {isa = PBXFileReference; lastKnownFileType = sourcecode.swift; path = UserPostReport.swift; sourceTree = "<group>"; };
		F8DE62622B67017600FF780D /* DefaultReportUsecase.swift */ = {isa = PBXFileReference; lastKnownFileType = sourcecode.swift; path = DefaultReportUsecase.swift; sourceTree = "<group>"; };
		F8DE62642B67056700FF780D /* DataProcessingStrategy.swift */ = {isa = PBXFileReference; lastKnownFileType = sourcecode.swift; path = DataProcessingStrategy.swift; sourceTree = "<group>"; };
		F8DE62662B67063E00FF780D /* ReportDataProcessingStrategy.swift */ = {isa = PBXFileReference; lastKnownFileType = sourcecode.swift; path = ReportDataProcessingStrategy.swift; sourceTree = "<group>"; };
		F8E02B232B67426A00DCDCA9 /* MockTestCases.swift */ = {isa = PBXFileReference; lastKnownFileType = sourcecode.swift; path = MockTestCases.swift; sourceTree = "<group>"; };
		F8E02B252B67431500DCDCA9 /* MockTestsHelpers.swift */ = {isa = PBXFileReference; lastKnownFileType = sourcecode.swift; path = MockTestsHelpers.swift; sourceTree = "<group>"; };
		F8FD324D2B656A7F002FC296 /* SternXTask.app */ = {isa = PBXFileReference; explicitFileType = wrapper.application; includeInIndex = 0; path = SternXTask.app; sourceTree = BUILT_PRODUCTS_DIR; };
		F8FD32502B656A7F002FC296 /* AppDelegate.swift */ = {isa = PBXFileReference; lastKnownFileType = sourcecode.swift; path = AppDelegate.swift; sourceTree = "<group>"; };
		F8FD32522B656A81002FC296 /* Assets.xcassets */ = {isa = PBXFileReference; lastKnownFileType = folder.assetcatalog; path = Assets.xcassets; sourceTree = "<group>"; };
		F8FD32552B656A81002FC296 /* Base */ = {isa = PBXFileReference; lastKnownFileType = file.storyboard; name = Base; path = Base.lproj/LaunchScreen.storyboard; sourceTree = "<group>"; };
		F8FD32572B656A81002FC296 /* Info.plist */ = {isa = PBXFileReference; lastKnownFileType = text.plist.xml; path = Info.plist; sourceTree = "<group>"; };
		F8FD32612B656AB3002FC296 /* SternXTaskTests.xctest */ = {isa = PBXFileReference; explicitFileType = wrapper.cfbundle; includeInIndex = 0; path = SternXTaskTests.xctest; sourceTree = BUILT_PRODUCTS_DIR; };
		F8FD32632B656AB3002FC296 /* SternXTaskTests.swift */ = {isa = PBXFileReference; lastKnownFileType = sourcecode.swift; path = SternXTaskTests.swift; sourceTree = "<group>"; };
/* End PBXFileReference section */

/* Begin PBXFrameworksBuildPhase section */
		F8FD324A2B656A7F002FC296 /* Frameworks */ = {
			isa = PBXFrameworksBuildPhase;
			buildActionMask = 2147483647;
			files = (
				CBFEEA3E66041865F91C6AB8 /* Pods_SternXTask.framework in Frameworks */,
			);
			runOnlyForDeploymentPostprocessing = 0;
		};
		F8FD325E2B656AB3002FC296 /* Frameworks */ = {
			isa = PBXFrameworksBuildPhase;
			buildActionMask = 2147483647;
			files = (
				2C89A3869C895B7D2915C884 /* Pods_SternXTaskTests.framework in Frameworks */,
			);
			runOnlyForDeploymentPostprocessing = 0;
		};
/* End PBXFrameworksBuildPhase section */

/* Begin PBXGroup section */
		001174C56993E51DAA90F3D7 /* Frameworks */ = {
			isa = PBXGroup;
			children = (
				33FF7EEC0231BB09992C8A30 /* Pods_SternXTask.framework */,
				4B1B887336C2A758001821F5 /* Pods_SternXTaskTests.framework */,
			);
			name = Frameworks;
			sourceTree = "<group>";
		};
		D33C9832059DA18A77FED238 /* Pods */ = {
			isa = PBXGroup;
			children = (
				469C453AA0ED8EFF4DA4144D /* Pods-SternXTask.debug.xcconfig */,
				D439AB13D2E527B837492035 /* Pods-SternXTask.release.xcconfig */,
				EF84197718CC12506DDA1A34 /* Pods-SternXTaskTests.debug.xcconfig */,
				A7455843E009D598308136B0 /* Pods-SternXTaskTests.release.xcconfig */,
			);
			path = Pods;
			sourceTree = "<group>";
		};
		F8232CD92B658F00006E9B54 /* Networks */ = {
			isa = PBXGroup;
			children = (
				F8232CE72B65A381006E9B54 /* Imp */,
				F8232CDA2B658F15006E9B54 /* APIClient.swift */,
				F8232CDC2B659249006E9B54 /* APIRequest.swift */,
				F8232CE32B659F8D006E9B54 /* APIRequestTask.swift */,
			);
			path = Networks;
			sourceTree = "<group>";
		};
		F8232CE02B6598A9006E9B54 /* Helpers */ = {
			isa = PBXGroup;
			children = (
				F8232CE12B6598B8006E9B54 /* Logger.swift */,
			);
			path = Helpers;
			sourceTree = "<group>";
		};
		F8232CE72B65A381006E9B54 /* Imp */ = {
			isa = PBXGroup;
			children = (
				F8232CDE2B65965A006E9B54 /* DefaultAPIClient.swift */,
				F8232CE52B65A28C006E9B54 /* APIParametersRequest.swift */,
			);
			path = Imp;
			sourceTree = "<group>";
		};
		F84C83F62B6585D8003FE569 /* Presentation */ = {
			isa = PBXGroup;
			children = (
			);
			path = Presentation;
			sourceTree = "<group>";
		};
		F84C83F72B6585E7003FE569 /* DataLayer */ = {
			isa = PBXGroup;
			children = (
				F8DE62522B66F4C000FF780D /* Repositories */,
				F8DE624F2B66F40500FF780D /* DTOs */,
				F8232CD92B658F00006E9B54 /* Networks */,
			);
			path = DataLayer;
			sourceTree = "<group>";
		};
		F84C83F82B6585ED003FE569 /* Domain */ = {
			isa = PBXGroup;
			children = (
				F8DE62572B66F50A00FF780D /* Interfaces */,
				F8DE624E2B66F34600FF780D /* UseCases */,
				F8DE624D2B66F33400FF780D /* Entity */,
			);
			path = Domain;
			sourceTree = "<group>";
		};
		F8DE624D2B66F33400FF780D /* Entity */ = {
			isa = PBXGroup;
			children = (
				F8DE625A2B66FA2A00FF780D /* User.swift */,
				F8DE625C2B66FA4100FF780D /* Post.swift */,
				F8DE62602B66FFEA00FF780D /* UserPostReport.swift */,
			);
			path = Entity;
			sourceTree = "<group>";
		};
		F8DE624E2B66F34600FF780D /* UseCases */ = {
			isa = PBXGroup;
			children = (
				F8DE625E2B66FC5E00FF780D /* ReportUsecase.swift */,
				F8DE62622B67017600FF780D /* DefaultReportUsecase.swift */,
				F8DE62642B67056700FF780D /* DataProcessingStrategy.swift */,
				F8DE62662B67063E00FF780D /* ReportDataProcessingStrategy.swift */,
			);
			path = UseCases;
			sourceTree = "<group>";
		};
		F8DE624F2B66F40500FF780D /* DTOs */ = {
			isa = PBXGroup;
			children = (
				F8DE62502B66F41100FF780D /* PostDto.swift */,
			);
			path = DTOs;
			sourceTree = "<group>";
		};
		F8DE62522B66F4C000FF780D /* Repositories */ = {
			isa = PBXGroup;
			children = (
				F8DE62552B66F4F700FF780D /* PostsRemoteRepository.swift */,
			);
			path = Repositories;
			sourceTree = "<group>";
		};
		F8DE62572B66F50A00FF780D /* Interfaces */ = {
			isa = PBXGroup;
			children = (
				F8DE62582B66F51F00FF780D /* PostRepository.swift */,
			);
			path = Interfaces;
			sourceTree = "<group>";
		};
		F8E02B222B67424C00DCDCA9 /* Mocks */ = {
			isa = PBXGroup;
			children = (
				F8E02B232B67426A00DCDCA9 /* MockTestCases.swift */,
				F8E02B252B67431500DCDCA9 /* MockTestsHelpers.swift */,
			);
			path = Mocks;
			sourceTree = "<group>";
		};
		F8FD32442B656A7F002FC296 = {
			isa = PBXGroup;
			children = (
				F8FD324F2B656A7F002FC296 /* SternXTask */,
				F8FD32622B656AB3002FC296 /* SternXTaskTests */,
				F8FD324E2B656A7F002FC296 /* Products */,
				D33C9832059DA18A77FED238 /* Pods */,
				001174C56993E51DAA90F3D7 /* Frameworks */,
			);
			sourceTree = "<group>";
		};
		F8FD324E2B656A7F002FC296 /* Products */ = {
			isa = PBXGroup;
			children = (
				F8FD324D2B656A7F002FC296 /* SternXTask.app */,
				F8FD32612B656AB3002FC296 /* SternXTaskTests.xctest */,
			);
			name = Products;
			sourceTree = "<group>";
		};
		F8FD324F2B656A7F002FC296 /* SternXTask */ = {
			isa = PBXGroup;
			children = (
				F8232CE02B6598A9006E9B54 /* Helpers */,
				F84C83F82B6585ED003FE569 /* Domain */,
				F84C83F72B6585E7003FE569 /* DataLayer */,
				F84C83F62B6585D8003FE569 /* Presentation */,
				F8FD32502B656A7F002FC296 /* AppDelegate.swift */,
				F8FD32522B656A81002FC296 /* Assets.xcassets */,
				F84C83F92B658784003FE569 /* Main.storyboard */,
				F8FD32542B656A81002FC296 /* LaunchScreen.storyboard */,
				F8FD32572B656A81002FC296 /* Info.plist */,
			);
			path = SternXTask;
			sourceTree = "<group>";
		};
		F8FD32622B656AB3002FC296 /* SternXTaskTests */ = {
			isa = PBXGroup;
			children = (
				F8E02B222B67424C00DCDCA9 /* Mocks */,
				F8FD32632B656AB3002FC296 /* SternXTaskTests.swift */,
			);
			path = SternXTaskTests;
			sourceTree = "<group>";
		};
/* End PBXGroup section */

/* Begin PBXNativeTarget section */
		F8FD324C2B656A7F002FC296 /* SternXTask */ = {
			isa = PBXNativeTarget;
			buildConfigurationList = F8FD325A2B656A81002FC296 /* Build configuration list for PBXNativeTarget "SternXTask" */;
			buildPhases = (
				498BDBC55D57A3C79A5C1F43 /* [CP] Check Pods Manifest.lock */,
				F8FD32492B656A7F002FC296 /* Sources */,
				F8FD324A2B656A7F002FC296 /* Frameworks */,
				F8FD324B2B656A7F002FC296 /* Resources */,
				92105659A20F965A1F76FC84 /* [CP] Embed Pods Frameworks */,
				F8232CD82B658E5D006E9B54 /* ShellScript */,
			);
			buildRules = (
			);
			dependencies = (
			);
			name = SternXTask;
			productName = SternXTask;
			productReference = F8FD324D2B656A7F002FC296 /* SternXTask.app */;
			productType = "com.apple.product-type.application";
		};
		F8FD32602B656AB3002FC296 /* SternXTaskTests */ = {
			isa = PBXNativeTarget;
			buildConfigurationList = F8FD32672B656AB3002FC296 /* Build configuration list for PBXNativeTarget "SternXTaskTests" */;
			buildPhases = (
				2BA669A6D85067C2529E0B36 /* [CP] Check Pods Manifest.lock */,
				F8FD325D2B656AB3002FC296 /* Sources */,
				F8FD325E2B656AB3002FC296 /* Frameworks */,
				F8FD325F2B656AB3002FC296 /* Resources */,
				65D243698BEF20DA4AA79B75 /* [CP] Embed Pods Frameworks */,
			);
			buildRules = (
			);
			dependencies = (
				F8FD32662B656AB3002FC296 /* PBXTargetDependency */,
			);
			name = SternXTaskTests;
			productName = SternXTaskTests;
			productReference = F8FD32612B656AB3002FC296 /* SternXTaskTests.xctest */;
			productType = "com.apple.product-type.bundle.unit-test";
		};
/* End PBXNativeTarget section */

/* Begin PBXProject section */
		F8FD32452B656A7F002FC296 /* Project object */ = {
			isa = PBXProject;
			attributes = {
				BuildIndependentTargetsInParallel = 1;
				LastSwiftUpdateCheck = 1500;
				LastUpgradeCheck = 1500;
				ORGANIZATIONNAME = ifarshad.me;
				TargetAttributes = {
					F8FD324C2B656A7F002FC296 = {
						CreatedOnToolsVersion = 15.0;
					};
					F8FD32602B656AB3002FC296 = {
						CreatedOnToolsVersion = 15.0;
						TestTargetID = F8FD324C2B656A7F002FC296;
					};
				};
			};
			buildConfigurationList = F8FD32482B656A7F002FC296 /* Build configuration list for PBXProject "SternXTask" */;
			compatibilityVersion = "Xcode 14.0";
			developmentRegion = en;
			hasScannedForEncodings = 0;
			knownRegions = (
				en,
				Base,
			);
			mainGroup = F8FD32442B656A7F002FC296;
			productRefGroup = F8FD324E2B656A7F002FC296 /* Products */;
			projectDirPath = "";
			projectRoot = "";
			targets = (
				F8FD324C2B656A7F002FC296 /* SternXTask */,
				F8FD32602B656AB3002FC296 /* SternXTaskTests */,
			);
		};
/* End PBXProject section */

/* Begin PBXResourcesBuildPhase section */
		F8FD324B2B656A7F002FC296 /* Resources */ = {
			isa = PBXResourcesBuildPhase;
			buildActionMask = 2147483647;
			files = (
				F84C83FB2B658784003FE569 /* Main.storyboard in Resources */,
				F8FD32532B656A81002FC296 /* Assets.xcassets in Resources */,
				F8FD32562B656A81002FC296 /* LaunchScreen.storyboard in Resources */,
			);
			runOnlyForDeploymentPostprocessing = 0;
		};
		F8FD325F2B656AB3002FC296 /* Resources */ = {
			isa = PBXResourcesBuildPhase;
			buildActionMask = 2147483647;
			files = (
			);
			runOnlyForDeploymentPostprocessing = 0;
		};
/* End PBXResourcesBuildPhase section */

/* Begin PBXShellScriptBuildPhase section */
		2BA669A6D85067C2529E0B36 /* [CP] Check Pods Manifest.lock */ = {
			isa = PBXShellScriptBuildPhase;
			buildActionMask = 2147483647;
			files = (
			);
			inputFileListPaths = (
			);
			inputPaths = (
				"${PODS_PODFILE_DIR_PATH}/Podfile.lock",
				"${PODS_ROOT}/Manifest.lock",
			);
			name = "[CP] Check Pods Manifest.lock";
			outputFileListPaths = (
			);
			outputPaths = (
				"$(DERIVED_FILE_DIR)/Pods-SternXTaskTests-checkManifestLockResult.txt",
			);
			runOnlyForDeploymentPostprocessing = 0;
			shellPath = /bin/sh;
			shellScript = "diff \"${PODS_PODFILE_DIR_PATH}/Podfile.lock\" \"${PODS_ROOT}/Manifest.lock\" > /dev/null\nif [ $? != 0 ] ; then\n    # print error to STDERR\n    echo \"error: The sandbox is not in sync with the Podfile.lock. Run 'pod install' or update your CocoaPods installation.\" >&2\n    exit 1\nfi\n# This output is used by Xcode 'outputs' to avoid re-running this script phase.\necho \"SUCCESS\" > \"${SCRIPT_OUTPUT_FILE_0}\"\n";
			showEnvVarsInLog = 0;
		};
		498BDBC55D57A3C79A5C1F43 /* [CP] Check Pods Manifest.lock */ = {
			isa = PBXShellScriptBuildPhase;
			buildActionMask = 2147483647;
			files = (
			);
			inputFileListPaths = (
			);
			inputPaths = (
				"${PODS_PODFILE_DIR_PATH}/Podfile.lock",
				"${PODS_ROOT}/Manifest.lock",
			);
			name = "[CP] Check Pods Manifest.lock";
			outputFileListPaths = (
			);
			outputPaths = (
				"$(DERIVED_FILE_DIR)/Pods-SternXTask-checkManifestLockResult.txt",
			);
			runOnlyForDeploymentPostprocessing = 0;
			shellPath = /bin/sh;
			shellScript = "diff \"${PODS_PODFILE_DIR_PATH}/Podfile.lock\" \"${PODS_ROOT}/Manifest.lock\" > /dev/null\nif [ $? != 0 ] ; then\n    # print error to STDERR\n    echo \"error: The sandbox is not in sync with the Podfile.lock. Run 'pod install' or update your CocoaPods installation.\" >&2\n    exit 1\nfi\n# This output is used by Xcode 'outputs' to avoid re-running this script phase.\necho \"SUCCESS\" > \"${SCRIPT_OUTPUT_FILE_0}\"\n";
			showEnvVarsInLog = 0;
		};
		65D243698BEF20DA4AA79B75 /* [CP] Embed Pods Frameworks */ = {
			isa = PBXShellScriptBuildPhase;
			buildActionMask = 2147483647;
			files = (
			);
			inputFileListPaths = (
			);
			name = "[CP] Embed Pods Frameworks";
			outputFileListPaths = (
			);
			runOnlyForDeploymentPostprocessing = 0;
			shellPath = /bin/sh;
			shellScript = "\"${PODS_ROOT}/Target Support Files/Pods-SternXTaskTests/Pods-SternXTaskTests-frameworks.sh\"\n";
			showEnvVarsInLog = 0;
		};
		92105659A20F965A1F76FC84 /* [CP] Embed Pods Frameworks */ = {
			isa = PBXShellScriptBuildPhase;
			buildActionMask = 2147483647;
			files = (
			);
			inputFileListPaths = (
			);
			name = "[CP] Embed Pods Frameworks";
			outputFileListPaths = (
			);
			runOnlyForDeploymentPostprocessing = 0;
			shellPath = /bin/sh;
			shellScript = "\"${PODS_ROOT}/Target Support Files/Pods-SternXTask/Pods-SternXTask-frameworks.sh\"\n";
			showEnvVarsInLog = 0;
		};
		F8232CD82B658E5D006E9B54 /* ShellScript */ = {
			isa = PBXShellScriptBuildPhase;
			alwaysOutOfDate = 1;
			buildActionMask = 2147483647;
			files = (
			);
			inputFileListPaths = (
			);
			inputPaths = (
			);
			outputFileListPaths = (
			);
			outputPaths = (
			);
			runOnlyForDeploymentPostprocessing = 0;
			shellPath = /bin/sh;
			shellScript = "# Type a script or drag a script file from your workspace to insert its path.\nif which swiftlint >/dev/null; then\n    echo \"info: swiftlint installed on terminal\"\n    swiftlint --fix\n    swiftlint \nelif which \"${PODS_ROOT}/SwiftLint/swiftlint\" >/dev/null; then\n    echo \"info: Located in Pods/SwiftLint at ${PODS_ROOT}\"\n    \"${PODS_ROOT}/SwiftLint/swiftlint\" --fix\n    \"${PODS_ROOT}/SwiftLint/swiftlint\"\nelse\n    echo \"warning: SwiftLint not installed, download from https://github.com/realm/SwiftLint\"\n    exit 1\nfi\n";
		};
/* End PBXShellScriptBuildPhase section */

/* Begin PBXSourcesBuildPhase section */
		F8FD32492B656A7F002FC296 /* Sources */ = {
			isa = PBXSourcesBuildPhase;
			buildActionMask = 2147483647;
			files = (
				F8232CE22B6598B8006E9B54 /* Logger.swift in Sources */,
				F8DE62652B67056700FF780D /* DataProcessingStrategy.swift in Sources */,
				F8DE62592B66F51F00FF780D /* PostRepository.swift in Sources */,
				F8FD32512B656A7F002FC296 /* AppDelegate.swift in Sources */,
				F8DE625D2B66FA4100FF780D /* Post.swift in Sources */,
				F8232CE62B65A28C006E9B54 /* APIParametersRequest.swift in Sources */,
				F8DE62672B67063E00FF780D /* ReportDataProcessingStrategy.swift in Sources */,
				F8232CDD2B659249006E9B54 /* APIRequest.swift in Sources */,
				F8DE62632B67017600FF780D /* DefaultReportUsecase.swift in Sources */,
				F8232CDB2B658F15006E9B54 /* APIClient.swift in Sources */,
				F8DE62512B66F41100FF780D /* PostDto.swift in Sources */,
				F8DE625F2B66FC5E00FF780D /* ReportUsecase.swift in Sources */,
				F8DE62562B66F4F700FF780D /* PostsRemoteRepository.swift in Sources */,
				F8232CDF2B65965A006E9B54 /* DefaultAPIClient.swift in Sources */,
				F8232CE42B659F8D006E9B54 /* APIRequestTask.swift in Sources */,
				F8DE62612B66FFEA00FF780D /* UserPostReport.swift in Sources */,
				F8DE625B2B66FA2A00FF780D /* User.swift in Sources */,
			);
			runOnlyForDeploymentPostprocessing = 0;
		};
		F8FD325D2B656AB3002FC296 /* Sources */ = {
			isa = PBXSourcesBuildPhase;
			buildActionMask = 2147483647;
			files = (
				F8E02B262B67431500DCDCA9 /* MockTestsHelpers.swift in Sources */,
				F8FD32642B656AB3002FC296 /* SternXTaskTests.swift in Sources */,
				F8E02B242B67426A00DCDCA9 /* MockTestCases.swift in Sources */,
			);
			runOnlyForDeploymentPostprocessing = 0;
		};
/* End PBXSourcesBuildPhase section */

/* Begin PBXTargetDependency section */
		F8FD32662B656AB3002FC296 /* PBXTargetDependency */ = {
			isa = PBXTargetDependency;
			target = F8FD324C2B656A7F002FC296 /* SternXTask */;
			targetProxy = F8FD32652B656AB3002FC296 /* PBXContainerItemProxy */;
		};
/* End PBXTargetDependency section */

/* Begin PBXVariantGroup section */
		F84C83F92B658784003FE569 /* Main.storyboard */ = {
			isa = PBXVariantGroup;
			children = (
				F84C83FA2B658784003FE569 /* Base */,
			);
			name = Main.storyboard;
			sourceTree = "<group>";
		};
		F8FD32542B656A81002FC296 /* LaunchScreen.storyboard */ = {
			isa = PBXVariantGroup;
			children = (
				F8FD32552B656A81002FC296 /* Base */,
			);
			name = LaunchScreen.storyboard;
			sourceTree = "<group>";
		};
/* End PBXVariantGroup section */

/* Begin XCBuildConfiguration section */
		F8FD32582B656A81002FC296 /* Debug */ = {
			isa = XCBuildConfiguration;
			buildSettings = {
				ALWAYS_SEARCH_USER_PATHS = NO;
				ASSETCATALOG_COMPILER_GENERATE_SWIFT_ASSET_SYMBOL_EXTENSIONS = YES;
				CLANG_ANALYZER_NONNULL = YES;
				CLANG_ANALYZER_NUMBER_OBJECT_CONVERSION = YES_AGGRESSIVE;
				CLANG_CXX_LANGUAGE_STANDARD = "gnu++20";
				CLANG_ENABLE_MODULES = YES;
				CLANG_ENABLE_OBJC_ARC = YES;
				CLANG_ENABLE_OBJC_WEAK = YES;
				CLANG_WARN_BLOCK_CAPTURE_AUTORELEASING = YES;
				CLANG_WARN_BOOL_CONVERSION = YES;
				CLANG_WARN_COMMA = YES;
				CLANG_WARN_CONSTANT_CONVERSION = YES;
				CLANG_WARN_DEPRECATED_OBJC_IMPLEMENTATIONS = YES;
				CLANG_WARN_DIRECT_OBJC_ISA_USAGE = YES_ERROR;
				CLANG_WARN_DOCUMENTATION_COMMENTS = YES;
				CLANG_WARN_EMPTY_BODY = YES;
				CLANG_WARN_ENUM_CONVERSION = YES;
				CLANG_WARN_INFINITE_RECURSION = YES;
				CLANG_WARN_INT_CONVERSION = YES;
				CLANG_WARN_NON_LITERAL_NULL_CONVERSION = YES;
				CLANG_WARN_OBJC_IMPLICIT_RETAIN_SELF = YES;
				CLANG_WARN_OBJC_LITERAL_CONVERSION = YES;
				CLANG_WARN_OBJC_ROOT_CLASS = YES_ERROR;
				CLANG_WARN_QUOTED_INCLUDE_IN_FRAMEWORK_HEADER = YES;
				CLANG_WARN_RANGE_LOOP_ANALYSIS = YES;
				CLANG_WARN_STRICT_PROTOTYPES = YES;
				CLANG_WARN_SUSPICIOUS_MOVE = YES;
				CLANG_WARN_UNGUARDED_AVAILABILITY = YES_AGGRESSIVE;
				CLANG_WARN_UNREACHABLE_CODE = YES;
				CLANG_WARN__DUPLICATE_METHOD_MATCH = YES;
				COPY_PHASE_STRIP = NO;
				DEBUG_INFORMATION_FORMAT = dwarf;
				ENABLE_STRICT_OBJC_MSGSEND = YES;
				ENABLE_TESTABILITY = YES;
				ENABLE_USER_SCRIPT_SANDBOXING = NO;
				GCC_C_LANGUAGE_STANDARD = gnu17;
				GCC_DYNAMIC_NO_PIC = NO;
				GCC_NO_COMMON_BLOCKS = YES;
				GCC_OPTIMIZATION_LEVEL = 0;
				GCC_PREPROCESSOR_DEFINITIONS = (
					"DEBUG=1",
					"$(inherited)",
				);
				GCC_WARN_64_TO_32_BIT_CONVERSION = YES;
				GCC_WARN_ABOUT_RETURN_TYPE = YES_ERROR;
				GCC_WARN_UNDECLARED_SELECTOR = YES;
				GCC_WARN_UNINITIALIZED_AUTOS = YES_AGGRESSIVE;
				GCC_WARN_UNUSED_FUNCTION = YES;
				GCC_WARN_UNUSED_VARIABLE = YES;
				IPHONEOS_DEPLOYMENT_TARGET = 17.0;
				LOCALIZATION_PREFERS_STRING_CATALOGS = YES;
				MTL_ENABLE_DEBUG_INFO = INCLUDE_SOURCE;
				MTL_FAST_MATH = YES;
				ONLY_ACTIVE_ARCH = YES;
				SDKROOT = iphoneos;
				SWIFT_ACTIVE_COMPILATION_CONDITIONS = "DEBUG $(inherited)";
				SWIFT_OPTIMIZATION_LEVEL = "-Onone";
			};
			name = Debug;
		};
		F8FD32592B656A81002FC296 /* Release */ = {
			isa = XCBuildConfiguration;
			buildSettings = {
				ALWAYS_SEARCH_USER_PATHS = NO;
				ASSETCATALOG_COMPILER_GENERATE_SWIFT_ASSET_SYMBOL_EXTENSIONS = YES;
				CLANG_ANALYZER_NONNULL = YES;
				CLANG_ANALYZER_NUMBER_OBJECT_CONVERSION = YES_AGGRESSIVE;
				CLANG_CXX_LANGUAGE_STANDARD = "gnu++20";
				CLANG_ENABLE_MODULES = YES;
				CLANG_ENABLE_OBJC_ARC = YES;
				CLANG_ENABLE_OBJC_WEAK = YES;
				CLANG_WARN_BLOCK_CAPTURE_AUTORELEASING = YES;
				CLANG_WARN_BOOL_CONVERSION = YES;
				CLANG_WARN_COMMA = YES;
				CLANG_WARN_CONSTANT_CONVERSION = YES;
				CLANG_WARN_DEPRECATED_OBJC_IMPLEMENTATIONS = YES;
				CLANG_WARN_DIRECT_OBJC_ISA_USAGE = YES_ERROR;
				CLANG_WARN_DOCUMENTATION_COMMENTS = YES;
				CLANG_WARN_EMPTY_BODY = YES;
				CLANG_WARN_ENUM_CONVERSION = YES;
				CLANG_WARN_INFINITE_RECURSION = YES;
				CLANG_WARN_INT_CONVERSION = YES;
				CLANG_WARN_NON_LITERAL_NULL_CONVERSION = YES;
				CLANG_WARN_OBJC_IMPLICIT_RETAIN_SELF = YES;
				CLANG_WARN_OBJC_LITERAL_CONVERSION = YES;
				CLANG_WARN_OBJC_ROOT_CLASS = YES_ERROR;
				CLANG_WARN_QUOTED_INCLUDE_IN_FRAMEWORK_HEADER = YES;
				CLANG_WARN_RANGE_LOOP_ANALYSIS = YES;
				CLANG_WARN_STRICT_PROTOTYPES = YES;
				CLANG_WARN_SUSPICIOUS_MOVE = YES;
				CLANG_WARN_UNGUARDED_AVAILABILITY = YES_AGGRESSIVE;
				CLANG_WARN_UNREACHABLE_CODE = YES;
				CLANG_WARN__DUPLICATE_METHOD_MATCH = YES;
				COPY_PHASE_STRIP = NO;
				DEBUG_INFORMATION_FORMAT = "dwarf-with-dsym";
				ENABLE_NS_ASSERTIONS = NO;
				ENABLE_STRICT_OBJC_MSGSEND = YES;
				ENABLE_USER_SCRIPT_SANDBOXING = NO;
				GCC_C_LANGUAGE_STANDARD = gnu17;
				GCC_NO_COMMON_BLOCKS = YES;
				GCC_WARN_64_TO_32_BIT_CONVERSION = YES;
				GCC_WARN_ABOUT_RETURN_TYPE = YES_ERROR;
				GCC_WARN_UNDECLARED_SELECTOR = YES;
				GCC_WARN_UNINITIALIZED_AUTOS = YES_AGGRESSIVE;
				GCC_WARN_UNUSED_FUNCTION = YES;
				GCC_WARN_UNUSED_VARIABLE = YES;
				IPHONEOS_DEPLOYMENT_TARGET = 17.0;
				LOCALIZATION_PREFERS_STRING_CATALOGS = YES;
				MTL_ENABLE_DEBUG_INFO = NO;
				MTL_FAST_MATH = YES;
				SDKROOT = iphoneos;
				SWIFT_COMPILATION_MODE = wholemodule;
				VALIDATE_PRODUCT = YES;
			};
			name = Release;
		};
		F8FD325B2B656A81002FC296 /* Debug */ = {
			isa = XCBuildConfiguration;
			baseConfigurationReference = 469C453AA0ED8EFF4DA4144D /* Pods-SternXTask.debug.xcconfig */;
			buildSettings = {
				ASSETCATALOG_COMPILER_APPICON_NAME = AppIcon;
				ASSETCATALOG_COMPILER_GLOBAL_ACCENT_COLOR_NAME = AccentColor;
				CODE_SIGN_STYLE = Automatic;
				CURRENT_PROJECT_VERSION = 1;
				DEVELOPMENT_TEAM = 638B4QA28J;
				ENABLE_USER_SCRIPT_SANDBOXING = NO;
				GENERATE_INFOPLIST_FILE = NO;
				INFOPLIST_FILE = SternXTask/Info.plist;
				INFOPLIST_KEY_UIApplicationSupportsIndirectInputEvents = YES;
				INFOPLIST_KEY_UILaunchStoryboardName = LaunchScreen;
				INFOPLIST_KEY_UISupportedInterfaceOrientations_iPad = "UIInterfaceOrientationPortrait UIInterfaceOrientationPortraitUpsideDown UIInterfaceOrientationLandscapeLeft UIInterfaceOrientationLandscapeRight";
				INFOPLIST_KEY_UISupportedInterfaceOrientations_iPhone = "UIInterfaceOrientationPortrait UIInterfaceOrientationLandscapeLeft UIInterfaceOrientationLandscapeRight";
				IPHONEOS_DEPLOYMENT_TARGET = 16.0;
				LD_RUNPATH_SEARCH_PATHS = (
					"$(inherited)",
					"@executable_path/Frameworks",
				);
				MARKETING_VERSION = 1.0;
				PRODUCT_BUNDLE_IDENTIFIER = me.ifarshad.SternXTask;
				PRODUCT_NAME = "$(TARGET_NAME)";
				SUPPORTED_PLATFORMS = "iphoneos iphonesimulator";
				SUPPORTS_MACCATALYST = NO;
				SUPPORTS_MAC_DESIGNED_FOR_IPHONE_IPAD = NO;
				SWIFT_EMIT_LOC_STRINGS = YES;
				SWIFT_VERSION = 5.0;
				TARGETED_DEVICE_FAMILY = "1,2";
			};
			name = Debug;
		};
		F8FD325C2B656A81002FC296 /* Release */ = {
			isa = XCBuildConfiguration;
			baseConfigurationReference = D439AB13D2E527B837492035 /* Pods-SternXTask.release.xcconfig */;
			buildSettings = {
				ASSETCATALOG_COMPILER_APPICON_NAME = AppIcon;
				ASSETCATALOG_COMPILER_GLOBAL_ACCENT_COLOR_NAME = AccentColor;
				CODE_SIGN_STYLE = Automatic;
				CURRENT_PROJECT_VERSION = 1;
				DEVELOPMENT_TEAM = 638B4QA28J;
				ENABLE_USER_SCRIPT_SANDBOXING = NO;
				GENERATE_INFOPLIST_FILE = NO;
				INFOPLIST_FILE = SternXTask/Info.plist;
				INFOPLIST_KEY_UIApplicationSupportsIndirectInputEvents = YES;
				INFOPLIST_KEY_UILaunchStoryboardName = LaunchScreen;
				INFOPLIST_KEY_UISupportedInterfaceOrientations_iPad = "UIInterfaceOrientationPortrait UIInterfaceOrientationPortraitUpsideDown UIInterfaceOrientationLandscapeLeft UIInterfaceOrientationLandscapeRight";
				INFOPLIST_KEY_UISupportedInterfaceOrientations_iPhone = "UIInterfaceOrientationPortrait UIInterfaceOrientationLandscapeLeft UIInterfaceOrientationLandscapeRight";
				IPHONEOS_DEPLOYMENT_TARGET = 16.0;
				LD_RUNPATH_SEARCH_PATHS = (
					"$(inherited)",
					"@executable_path/Frameworks",
				);
				MARKETING_VERSION = 1.0;
				PRODUCT_BUNDLE_IDENTIFIER = me.ifarshad.SternXTask;
				PRODUCT_NAME = "$(TARGET_NAME)";
				SUPPORTED_PLATFORMS = "iphoneos iphonesimulator";
				SUPPORTS_MACCATALYST = NO;
				SUPPORTS_MAC_DESIGNED_FOR_IPHONE_IPAD = NO;
				SWIFT_EMIT_LOC_STRINGS = YES;
				SWIFT_VERSION = 5.0;
				TARGETED_DEVICE_FAMILY = "1,2";
			};
			name = Release;
		};
		F8FD32682B656AB3002FC296 /* Debug */ = {
			isa = XCBuildConfiguration;
			baseConfigurationReference = EF84197718CC12506DDA1A34 /* Pods-SternXTaskTests.debug.xcconfig */;
			buildSettings = {
				BUNDLE_LOADER = "$(TEST_HOST)";
				CODE_SIGN_STYLE = Automatic;
				CURRENT_PROJECT_VERSION = 1;
				DEVELOPMENT_TEAM = 638B4QA28J;
				ENABLE_USER_SCRIPT_SANDBOXING = NO;
				GENERATE_INFOPLIST_FILE = YES;
				IPHONEOS_DEPLOYMENT_TARGET = 16.0;
				MARKETING_VERSION = 1.0;
				PRODUCT_BUNDLE_IDENTIFIER = me.ifarshad.SternXTaskTests;
				PRODUCT_NAME = "$(TARGET_NAME)";
				SUPPORTED_PLATFORMS = "iphoneos iphonesimulator";
				SUPPORTS_MACCATALYST = NO;
				SUPPORTS_MAC_DESIGNED_FOR_IPHONE_IPAD = NO;
				SWIFT_EMIT_LOC_STRINGS = NO;
				SWIFT_VERSION = 5.0;
				TARGETED_DEVICE_FAMILY = "1,2";
				TEST_HOST = "$(BUILT_PRODUCTS_DIR)/SternXTask.app/$(BUNDLE_EXECUTABLE_FOLDER_PATH)/SternXTask";
			};
			name = Debug;
		};
		F8FD32692B656AB3002FC296 /* Release */ = {
			isa = XCBuildConfiguration;
			baseConfigurationReference = A7455843E009D598308136B0 /* Pods-SternXTaskTests.release.xcconfig */;
			buildSettings = {
				BUNDLE_LOADER = "$(TEST_HOST)";
				CODE_SIGN_STYLE = Automatic;
				CURRENT_PROJECT_VERSION = 1;
				DEVELOPMENT_TEAM = 638B4QA28J;
				ENABLE_USER_SCRIPT_SANDBOXING = NO;
				GENERATE_INFOPLIST_FILE = YES;
				IPHONEOS_DEPLOYMENT_TARGET = 16.0;
				MARKETING_VERSION = 1.0;
				PRODUCT_BUNDLE_IDENTIFIER = me.ifarshad.SternXTaskTests;
				PRODUCT_NAME = "$(TARGET_NAME)";
				SUPPORTED_PLATFORMS = "iphoneos iphonesimulator";
				SUPPORTS_MACCATALYST = NO;
				SUPPORTS_MAC_DESIGNED_FOR_IPHONE_IPAD = NO;
				SWIFT_EMIT_LOC_STRINGS = NO;
				SWIFT_VERSION = 5.0;
				TARGETED_DEVICE_FAMILY = "1,2";
				TEST_HOST = "$(BUILT_PRODUCTS_DIR)/SternXTask.app/$(BUNDLE_EXECUTABLE_FOLDER_PATH)/SternXTask";
			};
			name = Release;
		};
/* End XCBuildConfiguration section */

/* Begin XCConfigurationList section */
		F8FD32482B656A7F002FC296 /* Build configuration list for PBXProject "SternXTask" */ = {
			isa = XCConfigurationList;
			buildConfigurations = (
				F8FD32582B656A81002FC296 /* Debug */,
				F8FD32592B656A81002FC296 /* Release */,
			);
			defaultConfigurationIsVisible = 0;
			defaultConfigurationName = Release;
		};
		F8FD325A2B656A81002FC296 /* Build configuration list for PBXNativeTarget "SternXTask" */ = {
			isa = XCConfigurationList;
			buildConfigurations = (
				F8FD325B2B656A81002FC296 /* Debug */,
				F8FD325C2B656A81002FC296 /* Release */,
			);
			defaultConfigurationIsVisible = 0;
			defaultConfigurationName = Release;
		};
		F8FD32672B656AB3002FC296 /* Build configuration list for PBXNativeTarget "SternXTaskTests" */ = {
			isa = XCConfigurationList;
			buildConfigurations = (
				F8FD32682B656AB3002FC296 /* Debug */,
				F8FD32692B656AB3002FC296 /* Release */,
			);
			defaultConfigurationIsVisible = 0;
			defaultConfigurationName = Release;
		};
/* End XCConfigurationList section */
	};
	rootObject = F8FD32452B656A7F002FC296 /* Project object */;
}
